# THIS IS AN AUTOGENERATED FILE. DO NOT EDIT THIS FILE DIRECTLY.
# yarn lockfile v1


zustand@^3.7.1:
  version "3.7.1"
  resolved "https://registry.yarnpkg.com/zustand/-/zustand-3.7.1.tgz#7388f0a7175a6c2fd9a2880b383a4bf6cdf6b7c6"
  integrity sha512-wHBCZlKj+bg03/hP+Tzv24YhnqqP8MCeN9ECPDXoF01062SIbnfl3j9O0znkDw1lNTY0a8WN3F///a0UhhaEqg==
